
Microsoft Visual Studio Solution File, Format Version 12.00
# Visual Studio 15
VisualStudioVersion = 15.0.26430.16
MinimumVisualStudioVersion = 10.0.40219.1
Project("{8BC9CEB8-8B4A-11D0-8D11-00A0C91BC942}") = "pyiocp", "pyiocp\pyiocp.vcxproj", "{DB857902-C56D-4895-B16B-E408CFE7011B}"
EndProject
Project("{8BC9CEB8-8B4A-11D0-8D11-00A0C91BC942}") = "iocp", "iocp\iocp.vcxproj", "{B36ACF9F-76C7-465F-A3D2-BD22129CAAF1}"
EndProject
Project("{8BC9CEB8-8B4A-11D0-8D11-00A0C91BC942}") = "hlddz", "hlddz\hlddz.vcxproj", "{1CF67AA1-DDA7-4413-8A50-753619C7E653}"
EndProject
Global
	GlobalSection(SolutionConfigurationPlatforms) = preSolution
		Debug|x64 = Debug|x64
		Debug|x86 = Debug|x86
		Release|x64 = Release|x64
		Release|x86 = Release|x86
	EndGlobalSection
	GlobalSection(ProjectConfigurationPlatforms) = postSolution
		{DB857902-C56D-4895-B16B-E408CFE7011B}.Debug|x64.ActiveCfg = Debug|x64
		{DB857902-C56D-4895-B16B-E408CFE7011B}.Debug|x64.Build.0 = Debug|x64
		{DB857902-C56D-4895-B16B-E408CFE7011B}.Debug|x86.ActiveCfg = Debug|Win32
		{DB857902-C56D-4895-B16B-E408CFE7011B}.Debug|x86.Build.0 = Debug|Win32
		{DB857902-C56D-4895-B16B-E408CFE7011B}.Release|x64.ActiveCfg = Release|x64
		{DB857902-C56D-4895-B16B-E408CFE7011B}.Release|x64.Build.0 = Release|x64
		{DB857902-C56D-4895-B16B-E408CFE7011B}.Release|x86.ActiveCfg = Release|Win32
		{DB857902-C56D-4895-B16B-E408CFE7011B}.Release|x86.Build.0 = Release|Win32
		{B36ACF9F-76C7-465F-A3D2-BD22129CAAF1}.Debug|x64.ActiveCfg = Debug|x64
		{B36ACF9F-76C7-465F-A3D2-BD22129CAAF1}.Debug|x64.Build.0 = Debug|x64
		{B36ACF9F-76C7-465F-A3D2-BD22129CAAF1}.Debug|x86.ActiveCfg = Debug|Win32
		{B36ACF9F-76C7-465F-A3D2-BD22129CAAF1}.Debug|x86.Build.0 = Debug|Win32
		{B36ACF9F-76C7-465F-A3D2-BD22129CAAF1}.Release|x64.ActiveCfg = Release|x64
		{B36ACF9F-76C7-465F-A3D2-BD22129CAAF1}.Release|x64.Build.0 = Release|x64
		{B36ACF9F-76C7-465F-A3D2-BD22129CAAF1}.Release|x86.ActiveCfg = Release|Win32
		{B36ACF9F-76C7-465F-A3D2-BD22129CAAF1}.Release|x86.Build.0 = Release|Win32
		{1CF67AA1-DDA7-4413-8A50-753619C7E653}.Debug|x64.ActiveCfg = Debug|x64
		{1CF67AA1-DDA7-4413-8A50-753619C7E653}.Debug|x64.Build.0 = Debug|x64
		{1CF67AA1-DDA7-4413-8A50-753619C7E653}.Debug|x86.ActiveCfg = Debug|Win32
		{1CF67AA1-DDA7-4413-8A50-753619C7E653}.Debug|x86.Build.0 = Debug|Win32
		{1CF67AA1-DDA7-4413-8A50-753619C7E653}.Release|x64.ActiveCfg = Release|x64
		{1CF67AA1-DDA7-4413-8A50-753619C7E653}.Release|x64.Build.0 = Release|x64
		{1CF67AA1-DDA7-4413-8A50-753619C7E653}.Release|x86.ActiveCfg = Release|Win32
		{1CF67AA1-DDA7-4413-8A50-753619C7E653}.Release|x86.Build.0 = Release|Win32
	EndGlobalSection
	GlobalSection(SolutionProperties) = preSolution
		HideSolutionNode = FALSE
	EndGlobalSection
EndGlobal
